
Microsoft Visual Studio Solution File, Format Version 12.00
# Visual Studio 2017
Project("{FAE04EC0-301F-11D3-BF4B-00C04F79EFBC}") = "FlockingDemo", "FlockingDemo.csproj", "{797AA32B-4A00-4362-D37E-6AFCF46AE247}"
EndProject
Global
	GlobalSection(SolutionConfigurationPlatforms) = preSolution
		Debug|Any CPU = Debug|Any CPU
		Release|Any CPU = Release|Any CPU
	EndGlobalSection
	GlobalSection(ProjectConfigurationPlatforms) = postSolution
		{797AA32B-4A00-4362-D37E-6AFCF46AE247}.Debug|Any CPU.ActiveCfg = Debug|Any CPU
		{797AA32B-4A00-4362-D37E-6AFCF46AE247}.Debug|Any CPU.Build.0 = Debug|Any CPU
		{797AA32B-4A00-4362-D37E-6AFCF46AE247}.Release|Any CPU.ActiveCfg = Release|Any CPU
		{797AA32B-4A00-4362-D37E-6AFCF46AE247}.Release|Any CPU.Build.0 = Release|Any CPU
	EndGlobalSection
	GlobalSection(SolutionProperties) = preSolution
		HideSolutionNode = FALSE
	EndGlobalSection
EndGlobal
